
Microsoft Visual Studio Solution File, Format Version 12.00
# Visual Studio Version 17
VisualStudioVersion = 17.10.34916.146
MinimumVisualStudioVersion = 10.0.40219.1
Project("{FAE04EC0-301F-11D3-BF4B-00C04F79EFBC}") = "HW_NP_5.6", "HW_NP_5.6.csproj", "{3DB1DE1F-756A-4309-89A6-3496227336ED}"
EndProject
Global
	GlobalSection(SolutionConfigurationPlatforms) = preSolution
		Debug|Any CPU = Debug|Any CPU
		Release|Any CPU = Release|Any CPU
	EndGlobalSection
	GlobalSection(ProjectConfigurationPlatforms) = postSolution
		{3DB1DE1F-756A-4309-89A6-3496227336ED}.Debug|Any CPU.ActiveCfg = Debug|Any CPU
		{3DB1DE1F-756A-4309-89A6-3496227336ED}.Debug|Any CPU.Build.0 = Debug|Any CPU
		{3DB1DE1F-756A-4309-89A6-3496227336ED}.Release|Any CPU.ActiveCfg = Release|Any CPU
		{3DB1DE1F-756A-4309-89A6-3496227336ED}.Release|Any CPU.Build.0 = Release|Any CPU
	EndGlobalSection
	GlobalSection(SolutionProperties) = preSolution
		HideSolutionNode = FALSE
	EndGlobalSection
	GlobalSection(ExtensibilityGlobals) = postSolution
		SolutionGuid = {1D0CDE1B-23DD-4863-887E-58A9E0ADA746}
	EndGlobalSection
EndGlobal
